Microsoft Visual Studio Solution File, Format Version 11.00
# Visual Studio 2008

Project("{CB21BD85-05F4-5DEF-A1A3-6063849C62D0}") = "release_v2.0.x", "Assembly-CSharp.csproj", "{89982E6E-2D60-E588-8761-6FAB3343F95A}"
EndProject
Global
	GlobalSection(SolutionConfigurationPlatforms) = preSolution
		Debug|Any CPU = Debug|Any CPU
		Release|Any CPU = Release|Any CPU
	EndGlobalSection
	GlobalSection(ProjectConfigurationPlatforms) = postSolution
		{89982E6E-2D60-E588-8761-6FAB3343F95A}.Debug|Any CPU.ActiveCfg = Debug|Any CPU
		{89982E6E-2D60-E588-8761-6FAB3343F95A}.Debug|Any CPU.Build.0 = Debug|Any CPU
		{89982E6E-2D60-E588-8761-6FAB3343F95A}.Release|Any CPU.ActiveCfg = Release|Any CPU
		{89982E6E-2D60-E588-8761-6FAB3343F95A}.Release|Any CPU.Build.0 = Release|Any CPU
	EndGlobalSection
	GlobalSection(SolutionProperties) = preSolution
		HideSolutionNode = FALSE
	EndGlobalSection
	GlobalSection(MonoDevelopProperties) = preSolution
		StartupItem = Assembly-CSharp.csproj
	EndGlobalSection
EndGlobal
