Microsoft Visual Studio Solution File, Format Version 11.00
# Visual Studio 2008

Project("{D105B24F-D921-03E2-9EB1-A637D36FD951}") = "release_v1.1.x", "Assembly-CSharp.csproj", "{53072A64-539E-65CB-DF25-D634E595C3D3}"
EndProject
Global
	GlobalSection(SolutionConfigurationPlatforms) = preSolution
		Debug|Any CPU = Debug|Any CPU
		Release|Any CPU = Release|Any CPU
	EndGlobalSection
	GlobalSection(ProjectConfigurationPlatforms) = postSolution
		{53072A64-539E-65CB-DF25-D634E595C3D3}.Debug|Any CPU.ActiveCfg = Debug|Any CPU
		{53072A64-539E-65CB-DF25-D634E595C3D3}.Debug|Any CPU.Build.0 = Debug|Any CPU
		{53072A64-539E-65CB-DF25-D634E595C3D3}.Release|Any CPU.ActiveCfg = Release|Any CPU
		{53072A64-539E-65CB-DF25-D634E595C3D3}.Release|Any CPU.Build.0 = Release|Any CPU
	EndGlobalSection
	GlobalSection(SolutionProperties) = preSolution
		HideSolutionNode = FALSE
	EndGlobalSection
	GlobalSection(MonoDevelopProperties) = preSolution
		StartupItem = Assembly-CSharp.csproj
	EndGlobalSection
EndGlobal
